
Microsoft Visual Studio Solution File, Format Version 12.00
# Visual Studio Version 17
VisualStudioVersion = 17.11.35312.102
MinimumVisualStudioVersion = 10.0.40219.1
Project("{FAE04EC0-301F-11D3-BF4B-00C04F79EFBC}") = "OA.Domain", "OA.Domain\OA.Domain.csproj", "{BFAC38B6-8473-42DE-BE3D-7A7FCBB61BFF}"
EndProject
Project("{FAE04EC0-301F-11D3-BF4B-00C04F79EFBC}") = "OA.Application", "OA.Application\OA.Application.csproj", "{1C1C81C6-14EF-4E44-9A78-D620F032B42E}"
EndProject
Project("{FAE04EC0-301F-11D3-BF4B-00C04F79EFBC}") = "OA.Application.Contracts", "OA.Application.Contracts\OA.Application.Contracts.csproj", "{8BB5DE9A-84A2-44B9-BE65-DCB0721C094F}"
EndProject
Project("{FAE04EC0-301F-11D3-BF4B-00C04F79EFBC}") = "OA.Infrastructure.EFCore", "OA.Infrastructure.EFCore\OA.Infrastructure.EFCore.csproj", "{D4C1713A-7EC7-4C76-BDC7-01089098A5B7}"
EndProject
Project("{FAE04EC0-301F-11D3-BF4B-00C04F79EFBC}") = "OA.Presentaiton.MVCCore", "OA.Presentaiton.MVCCore\OA.Presentaiton.MVCCore.csproj", "{673BB9F2-F57E-4333-AC32-3E40BD850239}"
EndProject
Project("{FAE04EC0-301F-11D3-BF4B-00C04F79EFBC}") = "OA.Infrastructure.Core", "OA.Infrastructure.Core\OA.Infrastructure.Core.csproj", "{7D371B8D-C203-44B5-9088-8CD961D77BEF}"
EndProject
Global
	GlobalSection(SolutionConfigurationPlatforms) = preSolution
		Debug|Any CPU = Debug|Any CPU
		Release|Any CPU = Release|Any CPU
	EndGlobalSection
	GlobalSection(ProjectConfigurationPlatforms) = postSolution
		{BFAC38B6-8473-42DE-BE3D-7A7FCBB61BFF}.Debug|Any CPU.ActiveCfg = Debug|Any CPU
		{BFAC38B6-8473-42DE-BE3D-7A7FCBB61BFF}.Debug|Any CPU.Build.0 = Debug|Any CPU
		{BFAC38B6-8473-42DE-BE3D-7A7FCBB61BFF}.Release|Any CPU.ActiveCfg = Release|Any CPU
		{BFAC38B6-8473-42DE-BE3D-7A7FCBB61BFF}.Release|Any CPU.Build.0 = Release|Any CPU
		{1C1C81C6-14EF-4E44-9A78-D620F032B42E}.Debug|Any CPU.ActiveCfg = Debug|Any CPU
		{1C1C81C6-14EF-4E44-9A78-D620F032B42E}.Debug|Any CPU.Build.0 = Debug|Any CPU
		{1C1C81C6-14EF-4E44-9A78-D620F032B42E}.Release|Any CPU.ActiveCfg = Release|Any CPU
		{1C1C81C6-14EF-4E44-9A78-D620F032B42E}.Release|Any CPU.Build.0 = Release|Any CPU
		{8BB5DE9A-84A2-44B9-BE65-DCB0721C094F}.Debug|Any CPU.ActiveCfg = Debug|Any CPU
		{8BB5DE9A-84A2-44B9-BE65-DCB0721C094F}.Debug|Any CPU.Build.0 = Debug|Any CPU
		{8BB5DE9A-84A2-44B9-BE65-DCB0721C094F}.Release|Any CPU.ActiveCfg = Release|Any CPU
		{8BB5DE9A-84A2-44B9-BE65-DCB0721C094F}.Release|Any CPU.Build.0 = Release|Any CPU
		{D4C1713A-7EC7-4C76-BDC7-01089098A5B7}.Debug|Any CPU.ActiveCfg = Debug|Any CPU
		{D4C1713A-7EC7-4C76-BDC7-01089098A5B7}.Debug|Any CPU.Build.0 = Debug|Any CPU
		{D4C1713A-7EC7-4C76-BDC7-01089098A5B7}.Release|Any CPU.ActiveCfg = Release|Any CPU
		{D4C1713A-7EC7-4C76-BDC7-01089098A5B7}.Release|Any CPU.Build.0 = Release|Any CPU
		{673BB9F2-F57E-4333-AC32-3E40BD850239}.Debug|Any CPU.ActiveCfg = Debug|Any CPU
		{673BB9F2-F57E-4333-AC32-3E40BD850239}.Debug|Any CPU.Build.0 = Debug|Any CPU
		{673BB9F2-F57E-4333-AC32-3E40BD850239}.Release|Any CPU.ActiveCfg = Release|Any CPU
		{673BB9F2-F57E-4333-AC32-3E40BD850239}.Release|Any CPU.Build.0 = Release|Any CPU
		{7D371B8D-C203-44B5-9088-8CD961D77BEF}.Debug|Any CPU.ActiveCfg = Debug|Any CPU
		{7D371B8D-C203-44B5-9088-8CD961D77BEF}.Debug|Any CPU.Build.0 = Debug|Any CPU
		{7D371B8D-C203-44B5-9088-8CD961D77BEF}.Release|Any CPU.ActiveCfg = Release|Any CPU
		{7D371B8D-C203-44B5-9088-8CD961D77BEF}.Release|Any CPU.Build.0 = Release|Any CPU
	EndGlobalSection
	GlobalSection(SolutionProperties) = preSolution
		HideSolutionNode = FALSE
	EndGlobalSection
	GlobalSection(ExtensibilityGlobals) = postSolution
		SolutionGuid = {61033A49-9C71-4605-9305-905DFB14BA28}
	EndGlobalSection
EndGlobal
